
Microsoft Visual Studio Solution File, Format Version 12.00
# Visual Studio Version 17
VisualStudioVersion = 17.9.34616.47
MinimumVisualStudioVersion = 10.0.40219.1
Project("{2150E333-8FDC-42A3-9474-1A3956D46DE8}") = "Auth", "Auth", "{FCCEDDBE-9DC6-4E6B-AA61-B908534AC01C}"
EndProject
Project("{2150E333-8FDC-42A3-9474-1A3956D46DE8}") = "src", "src", "{140B043B-1671-4FD6-B972-A0235DC382A8}"
EndProject
Project("{9A19103F-16F7-4668-BE54-9A1E7A4F7556}") = "AuthService.API", "AuthService.API\AuthService.API.csproj", "{96079404-7D22-4536-B11A-AE2389AD0778}"
EndProject
Project("{9A19103F-16F7-4668-BE54-9A1E7A4F7556}") = "AuthService.Application", "AuthService.Application\AuthService.Application.csproj", "{8D39D94C-4A2A-4FE1-A03D-9AB4EAC006AD}"
EndProject
Project("{9A19103F-16F7-4668-BE54-9A1E7A4F7556}") = "AuthService.Domain", "AuthService.Domain\AuthService.Domain.csproj", "{8D44EFA0-42EF-44B1-9198-14037AF59873}"
EndProject
Project("{9A19103F-16F7-4668-BE54-9A1E7A4F7556}") = "AuthService.Infrastracture", "AuthService.Infrastracture\AuthService.Infrastracture.csproj", "{D655EDD3-6A00-4B54-859D-FB8863407C99}"
EndProject
Project("{2150E333-8FDC-42A3-9474-1A3956D46DE8}") = "Event", "Event", "{7B657B22-705C-4149-8540-AF93B19A36A2}"
EndProject
Project("{2150E333-8FDC-42A3-9474-1A3956D46DE8}") = "src", "src", "{456F0A04-7EAC-469B-B51A-13D94729CE25}"
EndProject
Project("{2150E333-8FDC-42A3-9474-1A3956D46DE8}") = "Test", "Test", "{75B09C66-E2F0-48BA-8714-1477F5558943}"
EndProject
Project("{2150E333-8FDC-42A3-9474-1A3956D46DE8}") = "Params", "Params", "{7C9BDD81-84B1-45FA-9FFD-5687EA2F5F80}"
EndProject
Project("{2150E333-8FDC-42A3-9474-1A3956D46DE8}") = "src", "src", "{CA72C55D-5A0F-4281-ABE1-9C2E20B7C6B3}"
EndProject
Project("{2150E333-8FDC-42A3-9474-1A3956D46DE8}") = "test", "test", "{6CE1F454-4CE5-4C15-BC98-3463C3BB728F}"
EndProject
Project("{2150E333-8FDC-42A3-9474-1A3956D46DE8}") = "test", "test", "{851A8342-C41F-49D8-9FB6-8AECC8E3F1D5}"
EndProject
Project("{9A19103F-16F7-4668-BE54-9A1E7A4F7556}") = "ParamsService.API", "ParamsService.API\ParamsService.API.csproj", "{E902AC32-B5CD-48BA-B57D-09CA34CAC7FB}"
EndProject
Project("{9A19103F-16F7-4668-BE54-9A1E7A4F7556}") = "ParamsService.Application", "ParamsService.Application\ParamsService.Application.csproj", "{1F2BCF5C-65ED-4F0A-8CB0-3EE7758E9FC4}"
EndProject
Project("{9A19103F-16F7-4668-BE54-9A1E7A4F7556}") = "ParamsService.Domain", "ParamsService.Domain\ParamsService.Domain.csproj", "{FBC2BE8B-472C-44F5-AB71-319DF50018C9}"
EndProject
Project("{9A19103F-16F7-4668-BE54-9A1E7A4F7556}") = "ParamsService.Infrastructure", "ParamsService.Infrastructure\ParamsService.Infrastructure.csproj", "{DA4B7E1E-72AE-4EB2-A54B-B7F7C585B2F1}"
EndProject
Project("{2150E333-8FDC-42A3-9474-1A3956D46DE8}") = "Speaker", "Speaker", "{BDAFC846-6DD8-4ED3-8D9C-D9131B60916F}"
EndProject
Project("{2150E333-8FDC-42A3-9474-1A3956D46DE8}") = "src", "src", "{8BB1EDA4-6309-45BE-9CE2-35A02D3D52E8}"
EndProject
Project("{2150E333-8FDC-42A3-9474-1A3956D46DE8}") = "test", "test", "{A980A245-BA5C-4FEC-9523-5A4FF23F777F}"
EndProject
Project("{9A19103F-16F7-4668-BE54-9A1E7A4F7556}") = "SpeakerService.Api", "SpeakerService.Api\SpeakerService.Api.csproj", "{988BB5A2-5D2D-4911-9BED-7C91EA5AC9A5}"
EndProject
Project("{9A19103F-16F7-4668-BE54-9A1E7A4F7556}") = "SpeakerService.Application", "SpeakerService.Application\SpeakerService.Application.csproj", "{4FB684C6-E3B9-4821-AC5E-7F438839DF9F}"
EndProject
Project("{9A19103F-16F7-4668-BE54-9A1E7A4F7556}") = "SpeakerService.Domain", "SpeakerService.Domain\SpeakerService.Domain.csproj", "{AB382823-5BAC-4DF2-A089-C191C24BB8B0}"
EndProject
Project("{9A19103F-16F7-4668-BE54-9A1E7A4F7556}") = "SpeakerService.Infrastructure", "SpeakerService.Infrastructure\SpeakerService.Infrastructure.csproj", "{8C713458-6A7D-4DF1-BC0B-134F4822D3DE}"
EndProject
Project("{9A19103F-16F7-4668-BE54-9A1E7A4F7556}") = "EventService.API", "EventService.API\EventService.API.csproj", "{E20D558F-7707-49D9-B748-2D8F914487CD}"
EndProject
Project("{9A19103F-16F7-4668-BE54-9A1E7A4F7556}") = "EventService.Application", "EventService.Application\EventService.Application.csproj", "{4047C14B-1108-4C7C-BDA2-F608F3353A65}"
EndProject
Project("{9A19103F-16F7-4668-BE54-9A1E7A4F7556}") = "EventService.Domain", "EventService.Domain\EventService.Domain.csproj", "{661E5965-E65A-41A1-BDAE-9F4B4DC5414F}"
EndProject
Project("{9A19103F-16F7-4668-BE54-9A1E7A4F7556}") = "EventService.Infrastructure", "EventService.Infrastructure\EventService.Infrastructure.csproj", "{BBEE3FE6-93BA-42FD-8316-1423E14F1BD9}"
EndProject
Project("{2150E333-8FDC-42A3-9474-1A3956D46DE8}") = "Gateway", "Gateway", "{9D89AC72-314E-4265-9E31-524B93D4E7B8}"
EndProject
Project("{9A19103F-16F7-4668-BE54-9A1E7A4F7556}") = "MMC_Gateway", "MMC_Gateway\MMC_Gateway.csproj", "{22844785-54FE-48C9-A99D-22D62DC2C6E8}"
EndProject
Project("{9A19103F-16F7-4668-BE54-9A1E7A4F7556}") = "Notifications", "Notifications\Notifications.csproj", "{A6BE09CF-8FDA-4A76-8016-16F16637E5C4}"
EndProject
Global
	GlobalSection(SolutionConfigurationPlatforms) = preSolution
		Debug|Any CPU = Debug|Any CPU
		Release|Any CPU = Release|Any CPU
	EndGlobalSection
	GlobalSection(ProjectConfigurationPlatforms) = postSolution
		{96079404-7D22-4536-B11A-AE2389AD0778}.Debug|Any CPU.ActiveCfg = Debug|Any CPU
		{96079404-7D22-4536-B11A-AE2389AD0778}.Debug|Any CPU.Build.0 = Debug|Any CPU
		{96079404-7D22-4536-B11A-AE2389AD0778}.Release|Any CPU.ActiveCfg = Release|Any CPU
		{96079404-7D22-4536-B11A-AE2389AD0778}.Release|Any CPU.Build.0 = Release|Any CPU
		{8D39D94C-4A2A-4FE1-A03D-9AB4EAC006AD}.Debug|Any CPU.ActiveCfg = Debug|Any CPU
		{8D39D94C-4A2A-4FE1-A03D-9AB4EAC006AD}.Debug|Any CPU.Build.0 = Debug|Any CPU
		{8D39D94C-4A2A-4FE1-A03D-9AB4EAC006AD}.Release|Any CPU.ActiveCfg = Release|Any CPU
		{8D39D94C-4A2A-4FE1-A03D-9AB4EAC006AD}.Release|Any CPU.Build.0 = Release|Any CPU
		{8D44EFA0-42EF-44B1-9198-14037AF59873}.Debug|Any CPU.ActiveCfg = Debug|Any CPU
		{8D44EFA0-42EF-44B1-9198-14037AF59873}.Debug|Any CPU.Build.0 = Debug|Any CPU
		{8D44EFA0-42EF-44B1-9198-14037AF59873}.Release|Any CPU.ActiveCfg = Release|Any CPU
		{8D44EFA0-42EF-44B1-9198-14037AF59873}.Release|Any CPU.Build.0 = Release|Any CPU
		{D655EDD3-6A00-4B54-859D-FB8863407C99}.Debug|Any CPU.ActiveCfg = Debug|Any CPU
		{D655EDD3-6A00-4B54-859D-FB8863407C99}.Debug|Any CPU.Build.0 = Debug|Any CPU
		{D655EDD3-6A00-4B54-859D-FB8863407C99}.Release|Any CPU.ActiveCfg = Release|Any CPU
		{D655EDD3-6A00-4B54-859D-FB8863407C99}.Release|Any CPU.Build.0 = Release|Any CPU
		{E902AC32-B5CD-48BA-B57D-09CA34CAC7FB}.Debug|Any CPU.ActiveCfg = Debug|Any CPU
		{E902AC32-B5CD-48BA-B57D-09CA34CAC7FB}.Debug|Any CPU.Build.0 = Debug|Any CPU
		{E902AC32-B5CD-48BA-B57D-09CA34CAC7FB}.Release|Any CPU.ActiveCfg = Release|Any CPU
		{E902AC32-B5CD-48BA-B57D-09CA34CAC7FB}.Release|Any CPU.Build.0 = Release|Any CPU
		{1F2BCF5C-65ED-4F0A-8CB0-3EE7758E9FC4}.Debug|Any CPU.ActiveCfg = Debug|Any CPU
		{1F2BCF5C-65ED-4F0A-8CB0-3EE7758E9FC4}.Debug|Any CPU.Build.0 = Debug|Any CPU
		{1F2BCF5C-65ED-4F0A-8CB0-3EE7758E9FC4}.Release|Any CPU.ActiveCfg = Release|Any CPU
		{1F2BCF5C-65ED-4F0A-8CB0-3EE7758E9FC4}.Release|Any CPU.Build.0 = Release|Any CPU
		{FBC2BE8B-472C-44F5-AB71-319DF50018C9}.Debug|Any CPU.ActiveCfg = Debug|Any CPU
		{FBC2BE8B-472C-44F5-AB71-319DF50018C9}.Debug|Any CPU.Build.0 = Debug|Any CPU
		{FBC2BE8B-472C-44F5-AB71-319DF50018C9}.Release|Any CPU.ActiveCfg = Release|Any CPU
		{FBC2BE8B-472C-44F5-AB71-319DF50018C9}.Release|Any CPU.Build.0 = Release|Any CPU
		{DA4B7E1E-72AE-4EB2-A54B-B7F7C585B2F1}.Debug|Any CPU.ActiveCfg = Debug|Any CPU
		{DA4B7E1E-72AE-4EB2-A54B-B7F7C585B2F1}.Debug|Any CPU.Build.0 = Debug|Any CPU
		{DA4B7E1E-72AE-4EB2-A54B-B7F7C585B2F1}.Release|Any CPU.ActiveCfg = Release|Any CPU
		{DA4B7E1E-72AE-4EB2-A54B-B7F7C585B2F1}.Release|Any CPU.Build.0 = Release|Any CPU
		{988BB5A2-5D2D-4911-9BED-7C91EA5AC9A5}.Debug|Any CPU.ActiveCfg = Debug|Any CPU
		{988BB5A2-5D2D-4911-9BED-7C91EA5AC9A5}.Debug|Any CPU.Build.0 = Debug|Any CPU
		{988BB5A2-5D2D-4911-9BED-7C91EA5AC9A5}.Release|Any CPU.ActiveCfg = Release|Any CPU
		{988BB5A2-5D2D-4911-9BED-7C91EA5AC9A5}.Release|Any CPU.Build.0 = Release|Any CPU
		{4FB684C6-E3B9-4821-AC5E-7F438839DF9F}.Debug|Any CPU.ActiveCfg = Debug|Any CPU
		{4FB684C6-E3B9-4821-AC5E-7F438839DF9F}.Debug|Any CPU.Build.0 = Debug|Any CPU
		{4FB684C6-E3B9-4821-AC5E-7F438839DF9F}.Release|Any CPU.ActiveCfg = Release|Any CPU
		{4FB684C6-E3B9-4821-AC5E-7F438839DF9F}.Release|Any CPU.Build.0 = Release|Any CPU
		{AB382823-5BAC-4DF2-A089-C191C24BB8B0}.Debug|Any CPU.ActiveCfg = Debug|Any CPU
		{AB382823-5BAC-4DF2-A089-C191C24BB8B0}.Debug|Any CPU.Build.0 = Debug|Any CPU
		{AB382823-5BAC-4DF2-A089-C191C24BB8B0}.Release|Any CPU.ActiveCfg = Release|Any CPU
		{AB382823-5BAC-4DF2-A089-C191C24BB8B0}.Release|Any CPU.Build.0 = Release|Any CPU
		{8C713458-6A7D-4DF1-BC0B-134F4822D3DE}.Debug|Any CPU.ActiveCfg = Debug|Any CPU
		{8C713458-6A7D-4DF1-BC0B-134F4822D3DE}.Debug|Any CPU.Build.0 = Debug|Any CPU
		{8C713458-6A7D-4DF1-BC0B-134F4822D3DE}.Release|Any CPU.ActiveCfg = Release|Any CPU
		{8C713458-6A7D-4DF1-BC0B-134F4822D3DE}.Release|Any CPU.Build.0 = Release|Any CPU
		{E20D558F-7707-49D9-B748-2D8F914487CD}.Debug|Any CPU.ActiveCfg = Debug|Any CPU
		{E20D558F-7707-49D9-B748-2D8F914487CD}.Debug|Any CPU.Build.0 = Debug|Any CPU
		{E20D558F-7707-49D9-B748-2D8F914487CD}.Release|Any CPU.ActiveCfg = Release|Any CPU
		{E20D558F-7707-49D9-B748-2D8F914487CD}.Release|Any CPU.Build.0 = Release|Any CPU
		{4047C14B-1108-4C7C-BDA2-F608F3353A65}.Debug|Any CPU.ActiveCfg = Debug|Any CPU
		{4047C14B-1108-4C7C-BDA2-F608F3353A65}.Debug|Any CPU.Build.0 = Debug|Any CPU
		{4047C14B-1108-4C7C-BDA2-F608F3353A65}.Release|Any CPU.ActiveCfg = Release|Any CPU
		{4047C14B-1108-4C7C-BDA2-F608F3353A65}.Release|Any CPU.Build.0 = Release|Any CPU
		{661E5965-E65A-41A1-BDAE-9F4B4DC5414F}.Debug|Any CPU.ActiveCfg = Debug|Any CPU
		{661E5965-E65A-41A1-BDAE-9F4B4DC5414F}.Debug|Any CPU.Build.0 = Debug|Any CPU
		{661E5965-E65A-41A1-BDAE-9F4B4DC5414F}.Release|Any CPU.ActiveCfg = Release|Any CPU
		{661E5965-E65A-41A1-BDAE-9F4B4DC5414F}.Release|Any CPU.Build.0 = Release|Any CPU
		{BBEE3FE6-93BA-42FD-8316-1423E14F1BD9}.Debug|Any CPU.ActiveCfg = Debug|Any CPU
		{BBEE3FE6-93BA-42FD-8316-1423E14F1BD9}.Debug|Any CPU.Build.0 = Debug|Any CPU
		{BBEE3FE6-93BA-42FD-8316-1423E14F1BD9}.Release|Any CPU.ActiveCfg = Release|Any CPU
		{BBEE3FE6-93BA-42FD-8316-1423E14F1BD9}.Release|Any CPU.Build.0 = Release|Any CPU
		{22844785-54FE-48C9-A99D-22D62DC2C6E8}.Debug|Any CPU.ActiveCfg = Debug|Any CPU
		{22844785-54FE-48C9-A99D-22D62DC2C6E8}.Debug|Any CPU.Build.0 = Debug|Any CPU
		{22844785-54FE-48C9-A99D-22D62DC2C6E8}.Release|Any CPU.ActiveCfg = Release|Any CPU
		{22844785-54FE-48C9-A99D-22D62DC2C6E8}.Release|Any CPU.Build.0 = Release|Any CPU
		{A6BE09CF-8FDA-4A76-8016-16F16637E5C4}.Debug|Any CPU.ActiveCfg = Debug|Any CPU
		{A6BE09CF-8FDA-4A76-8016-16F16637E5C4}.Debug|Any CPU.Build.0 = Debug|Any CPU
		{A6BE09CF-8FDA-4A76-8016-16F16637E5C4}.Release|Any CPU.ActiveCfg = Release|Any CPU
		{A6BE09CF-8FDA-4A76-8016-16F16637E5C4}.Release|Any CPU.Build.0 = Release|Any CPU
	EndGlobalSection
	GlobalSection(SolutionProperties) = preSolution
		HideSolutionNode = FALSE
	EndGlobalSection
	GlobalSection(NestedProjects) = preSolution
		{140B043B-1671-4FD6-B972-A0235DC382A8} = {FCCEDDBE-9DC6-4E6B-AA61-B908534AC01C}
		{96079404-7D22-4536-B11A-AE2389AD0778} = {140B043B-1671-4FD6-B972-A0235DC382A8}
		{8D39D94C-4A2A-4FE1-A03D-9AB4EAC006AD} = {140B043B-1671-4FD6-B972-A0235DC382A8}
		{8D44EFA0-42EF-44B1-9198-14037AF59873} = {140B043B-1671-4FD6-B972-A0235DC382A8}
		{D655EDD3-6A00-4B54-859D-FB8863407C99} = {140B043B-1671-4FD6-B972-A0235DC382A8}
		{456F0A04-7EAC-469B-B51A-13D94729CE25} = {7B657B22-705C-4149-8540-AF93B19A36A2}
		{75B09C66-E2F0-48BA-8714-1477F5558943} = {7B657B22-705C-4149-8540-AF93B19A36A2}
		{CA72C55D-5A0F-4281-ABE1-9C2E20B7C6B3} = {7C9BDD81-84B1-45FA-9FFD-5687EA2F5F80}
		{6CE1F454-4CE5-4C15-BC98-3463C3BB728F} = {FCCEDDBE-9DC6-4E6B-AA61-B908534AC01C}
		{851A8342-C41F-49D8-9FB6-8AECC8E3F1D5} = {7C9BDD81-84B1-45FA-9FFD-5687EA2F5F80}
		{E902AC32-B5CD-48BA-B57D-09CA34CAC7FB} = {CA72C55D-5A0F-4281-ABE1-9C2E20B7C6B3}
		{1F2BCF5C-65ED-4F0A-8CB0-3EE7758E9FC4} = {CA72C55D-5A0F-4281-ABE1-9C2E20B7C6B3}
		{FBC2BE8B-472C-44F5-AB71-319DF50018C9} = {CA72C55D-5A0F-4281-ABE1-9C2E20B7C6B3}
		{DA4B7E1E-72AE-4EB2-A54B-B7F7C585B2F1} = {CA72C55D-5A0F-4281-ABE1-9C2E20B7C6B3}
		{8BB1EDA4-6309-45BE-9CE2-35A02D3D52E8} = {BDAFC846-6DD8-4ED3-8D9C-D9131B60916F}
		{A980A245-BA5C-4FEC-9523-5A4FF23F777F} = {BDAFC846-6DD8-4ED3-8D9C-D9131B60916F}
		{988BB5A2-5D2D-4911-9BED-7C91EA5AC9A5} = {8BB1EDA4-6309-45BE-9CE2-35A02D3D52E8}
		{4FB684C6-E3B9-4821-AC5E-7F438839DF9F} = {8BB1EDA4-6309-45BE-9CE2-35A02D3D52E8}
		{AB382823-5BAC-4DF2-A089-C191C24BB8B0} = {8BB1EDA4-6309-45BE-9CE2-35A02D3D52E8}
		{8C713458-6A7D-4DF1-BC0B-134F4822D3DE} = {8BB1EDA4-6309-45BE-9CE2-35A02D3D52E8}
		{E20D558F-7707-49D9-B748-2D8F914487CD} = {456F0A04-7EAC-469B-B51A-13D94729CE25}
		{4047C14B-1108-4C7C-BDA2-F608F3353A65} = {456F0A04-7EAC-469B-B51A-13D94729CE25}
		{661E5965-E65A-41A1-BDAE-9F4B4DC5414F} = {456F0A04-7EAC-469B-B51A-13D94729CE25}
		{BBEE3FE6-93BA-42FD-8316-1423E14F1BD9} = {456F0A04-7EAC-469B-B51A-13D94729CE25}
		{22844785-54FE-48C9-A99D-22D62DC2C6E8} = {9D89AC72-314E-4265-9E31-524B93D4E7B8}
	EndGlobalSection
	GlobalSection(ExtensibilityGlobals) = postSolution
		SolutionGuid = {9563D85D-1E37-415A-BAB4-2AA9F63959DA}
	EndGlobalSection
EndGlobal
